
Microsoft Visual Studio Solution File, Format Version 12.00
# Visual Studio Version 17
VisualStudioVersion = 17.10.35013.160
MinimumVisualStudioVersion = 10.0.40219.1
Project("{FAE04EC0-301F-11D3-BF4B-00C04F79EFBC}") = "Paint App", "Paint App.csproj", "{D185CD4E-2B08-4E2C-9854-5B20CB400176}"
EndProject
Global
	GlobalSection(SolutionConfigurationPlatforms) = preSolution
		Debug|Any CPU = Debug|Any CPU
		Release|Any CPU = Release|Any CPU
	EndGlobalSection
	GlobalSection(ProjectConfigurationPlatforms) = postSolution
		{D185CD4E-2B08-4E2C-9854-5B20CB400176}.Debug|Any CPU.ActiveCfg = Debug|Any CPU
		{D185CD4E-2B08-4E2C-9854-5B20CB400176}.Debug|Any CPU.Build.0 = Debug|Any CPU
		{D185CD4E-2B08-4E2C-9854-5B20CB400176}.Release|Any CPU.ActiveCfg = Release|Any CPU
		{D185CD4E-2B08-4E2C-9854-5B20CB400176}.Release|Any CPU.Build.0 = Release|Any CPU
	EndGlobalSection
	GlobalSection(SolutionProperties) = preSolution
		HideSolutionNode = FALSE
	EndGlobalSection
	GlobalSection(ExtensibilityGlobals) = postSolution
		SolutionGuid = {473AEC50-D739-4603-9AB2-10823C3EB94B}
	EndGlobalSection
EndGlobal
